// !$*UTF8*$!
{
	archiveVersion = 1;
	classes = {
	};
	objectVersion = 56;
	objects = {

/* Begin PBXBuildFile section */
		9689DBC52C62856700994E09 /* SparTestAppApp.swift in Sources */ = {isa = PBXBuildFile; fileRef = 9689DBC42C62856700994E09 /* SparTestAppApp.swift */; };
		9689DBC92C62856A00994E09 /* Assets.xcassets in Resources */ = {isa = PBXBuildFile; fileRef = 9689DBC82C62856A00994E09 /* Assets.xcassets */; };
		9689DBCC2C62856A00994E09 /* Preview Assets.xcassets in Resources */ = {isa = PBXBuildFile; fileRef = 9689DBCB2C62856A00994E09 /* Preview Assets.xcassets */; };
		969EF04D2C6E3B13005530CE /* Review.swift in Sources */ = {isa = PBXBuildFile; fileRef = 969EF04C2C6E3B13005530CE /* Review.swift */; };
		96C5C3572C64FD6F00C28FB9 /* CustomStepper.swift in Sources */ = {isa = PBXBuildFile; fileRef = 96C5C3562C64FD6F00C28FB9 /* CustomStepper.swift */; };
		96C5C35C2C653F8C00C28FB9 /* CeraRoundPro-Bold.otf in Resources */ = {isa = PBXBuildFile; fileRef = 96C5C35B2C653F8C00C28FB9 /* CeraRoundPro-Bold.otf */; };
		96C5C3632C654A3B00C28FB9 /* CategoryList.swift in Sources */ = {isa = PBXBuildFile; fileRef = 96C5C3622C654A3B00C28FB9 /* CategoryList.swift */; };
		96C5C3682C6557CB00C28FB9 /* View.swift in Sources */ = {isa = PBXBuildFile; fileRef = 96C5C3672C6557CB00C28FB9 /* View.swift */; };
		96C5C36A2C66504500C28FB9 /* CategoryGridCell.swift in Sources */ = {isa = PBXBuildFile; fileRef = 96C5C3692C66504500C28FB9 /* CategoryGridCell.swift */; };
		96C5C36D2C66723400C28FB9 /* CategoryGrid.swift in Sources */ = {isa = PBXBuildFile; fileRef = 96C5C36C2C66723400C28FB9 /* CategoryGrid.swift */; };
		96C5C36F2C67B5CB00C28FB9 /* Category.swift in Sources */ = {isa = PBXBuildFile; fileRef = 96C5C36E2C67B5CB00C28FB9 /* Category.swift */; };
		96C5C3732C6B9E6900C28FB9 /* Product.swift in Sources */ = {isa = PBXBuildFile; fileRef = 96C5C3722C6B9E6900C28FB9 /* Product.swift */; };
		96C5C3762C6BA17700C28FB9 /* ServiceProtocol.swift in Sources */ = {isa = PBXBuildFile; fileRef = 96C5C3752C6BA17700C28FB9 /* ServiceProtocol.swift */; };
		96C5C3782C6BA1F900C28FB9 /* Cart.swift in Sources */ = {isa = PBXBuildFile; fileRef = 96C5C3772C6BA1F900C28FB9 /* Cart.swift */; };
		96C5C37A2C6BA35E00C28FB9 /* CategoryProductService.swift in Sources */ = {isa = PBXBuildFile; fileRef = 96C5C3792C6BA35E00C28FB9 /* CategoryProductService.swift */; };
		96C5C37D2C6BAB1E00C28FB9 /* ViewModel.swift in Sources */ = {isa = PBXBuildFile; fileRef = 96C5C37C2C6BAB1E00C28FB9 /* ViewModel.swift */; };
		96C5C3802C6BAB4400C28FB9 /* CategoryViewModel.swift in Sources */ = {isa = PBXBuildFile; fileRef = 96C5C37F2C6BAB4400C28FB9 /* CategoryViewModel.swift */; };
		96C9A4C02C63A323007019DC /* CategoryListCell.swift in Sources */ = {isa = PBXBuildFile; fileRef = 96C9A4BF2C63A323007019DC /* CategoryListCell.swift */; };
/* End PBXBuildFile section */

/* Begin PBXFileReference section */
		9689DBC12C62856700994E09 /* SparTestApp.app */ = {isa = PBXFileReference; explicitFileType = wrapper.application; includeInIndex = 0; path = SparTestApp.app; sourceTree = BUILT_PRODUCTS_DIR; };
		9689DBC42C62856700994E09 /* SparTestAppApp.swift */ = {isa = PBXFileReference; lastKnownFileType = sourcecode.swift; path = SparTestAppApp.swift; sourceTree = "<group>"; };
		9689DBC82C62856A00994E09 /* Assets.xcassets */ = {isa = PBXFileReference; lastKnownFileType = folder.assetcatalog; path = Assets.xcassets; sourceTree = "<group>"; };
		9689DBCB2C62856A00994E09 /* Preview Assets.xcassets */ = {isa = PBXFileReference; lastKnownFileType = folder.assetcatalog; path = "Preview Assets.xcassets"; sourceTree = "<group>"; };
		969EF04C2C6E3B13005530CE /* Review.swift */ = {isa = PBXFileReference; lastKnownFileType = sourcecode.swift; path = Review.swift; sourceTree = "<group>"; };
		96C5C3562C64FD6F00C28FB9 /* CustomStepper.swift */ = {isa = PBXFileReference; lastKnownFileType = sourcecode.swift; path = CustomStepper.swift; sourceTree = "<group>"; };
		96C5C35B2C653F8C00C28FB9 /* CeraRoundPro-Bold.otf */ = {isa = PBXFileReference; lastKnownFileType = file; path = "CeraRoundPro-Bold.otf"; sourceTree = "<group>"; };
		96C5C35D2C653FD100C28FB9 /* Info.plist */ = {isa = PBXFileReference; lastKnownFileType = text.plist; path = Info.plist; sourceTree = "<group>"; };
		96C5C3622C654A3B00C28FB9 /* CategoryList.swift */ = {isa = PBXFileReference; lastKnownFileType = sourcecode.swift; path = CategoryList.swift; sourceTree = "<group>"; };
		96C5C3672C6557CB00C28FB9 /* View.swift */ = {isa = PBXFileReference; lastKnownFileType = sourcecode.swift; path = View.swift; sourceTree = "<group>"; };
		96C5C3692C66504500C28FB9 /* CategoryGridCell.swift */ = {isa = PBXFileReference; lastKnownFileType = sourcecode.swift; path = CategoryGridCell.swift; sourceTree = "<group>"; };
		96C5C36C2C66723400C28FB9 /* CategoryGrid.swift */ = {isa = PBXFileReference; lastKnownFileType = sourcecode.swift; path = CategoryGrid.swift; sourceTree = "<group>"; };
		96C5C36E2C67B5CB00C28FB9 /* Category.swift */ = {isa = PBXFileReference; lastKnownFileType = sourcecode.swift; path = Category.swift; sourceTree = "<group>"; };
		96C5C3722C6B9E6900C28FB9 /* Product.swift */ = {isa = PBXFileReference; lastKnownFileType = sourcecode.swift; path = Product.swift; sourceTree = "<group>"; };
		96C5C3752C6BA17700C28FB9 /* ServiceProtocol.swift */ = {isa = PBXFileReference; lastKnownFileType = sourcecode.swift; path = ServiceProtocol.swift; sourceTree = "<group>"; };
		96C5C3772C6BA1F900C28FB9 /* Cart.swift */ = {isa = PBXFileReference; lastKnownFileType = sourcecode.swift; path = Cart.swift; sourceTree = "<group>"; };
		96C5C3792C6BA35E00C28FB9 /* CategoryProductService.swift */ = {isa = PBXFileReference; lastKnownFileType = sourcecode.swift; path = CategoryProductService.swift; sourceTree = "<group>"; };
		96C5C37C2C6BAB1E00C28FB9 /* ViewModel.swift */ = {isa = PBXFileReference; lastKnownFileType = sourcecode.swift; path = ViewModel.swift; sourceTree = "<group>"; };
		96C5C37F2C6BAB4400C28FB9 /* CategoryViewModel.swift */ = {isa = PBXFileReference; lastKnownFileType = sourcecode.swift; path = CategoryViewModel.swift; sourceTree = "<group>"; };
		96C9A4BF2C63A323007019DC /* CategoryListCell.swift */ = {isa = PBXFileReference; lastKnownFileType = sourcecode.swift; path = CategoryListCell.swift; sourceTree = "<group>"; };
/* End PBXFileReference section */

/* Begin PBXFrameworksBuildPhase section */
		9689DBBE2C62856700994E09 /* Frameworks */ = {
			isa = PBXFrameworksBuildPhase;
			buildActionMask = 2147483647;
			files = (
			);
			runOnlyForDeploymentPostprocessing = 0;
		};
/* End PBXFrameworksBuildPhase section */

/* Begin PBXGroup section */
		9689DBB82C62856700994E09 = {
			isa = PBXGroup;
			children = (
				9689DBC32C62856700994E09 /* SparTestApp */,
				9689DBC22C62856700994E09 /* Products */,
			);
			sourceTree = "<group>";
		};
		9689DBC22C62856700994E09 /* Products */ = {
			isa = PBXGroup;
			children = (
				9689DBC12C62856700994E09 /* SparTestApp.app */,
			);
			name = Products;
			sourceTree = "<group>";
		};
		9689DBC32C62856700994E09 /* SparTestApp */ = {
			isa = PBXGroup;
			children = (
				96C5C35D2C653FD100C28FB9 /* Info.plist */,
				96C5C3702C6B9DAE00C28FB9 /* Application */,
				96C9A4BE2C63A306007019DC /* Category */,
				96C5C3712C6B9E4600C28FB9 /* Models */,
				96C5C3582C653F1B00C28FB9 /* Common */,
				9689DBCA2C62856A00994E09 /* Preview Content */,
			);
			path = SparTestApp;
			sourceTree = "<group>";
		};
		9689DBCA2C62856A00994E09 /* Preview Content */ = {
			isa = PBXGroup;
			children = (
				9689DBCB2C62856A00994E09 /* Preview Assets.xcassets */,
			);
			path = "Preview Content";
			sourceTree = "<group>";
		};
		96C5C3552C64FD4800C28FB9 /* CustomElements */ = {
			isa = PBXGroup;
			children = (
				96C5C3562C64FD6F00C28FB9 /* CustomStepper.swift */,
			);
			path = CustomElements;
			sourceTree = "<group>";
		};
		96C5C3582C653F1B00C28FB9 /* Common */ = {
			isa = PBXGroup;
			children = (
				96C5C37B2C6BAB0800C28FB9 /* Prototype */,
				96C5C3742C6BA12700C28FB9 /* Services */,
				96C5C3552C64FD4800C28FB9 /* CustomElements */,
				96C5C3642C65579500C28FB9 /* Extensions */,
				96C5C35E2C65402C00C28FB9 /* Resources */,
				96C5C3592C653F2800C28FB9 /* Fonts */,
			);
			path = Common;
			sourceTree = "<group>";
		};
		96C5C3592C653F2800C28FB9 /* Fonts */ = {
			isa = PBXGroup;
			children = (
				96C5C35A2C653F3400C28FB9 /* CeraRoundPro */,
			);
			path = Fonts;
			sourceTree = "<group>";
		};
		96C5C35A2C653F3400C28FB9 /* CeraRoundPro */ = {
			isa = PBXGroup;
			children = (
				96C5C35B2C653F8C00C28FB9 /* CeraRoundPro-Bold.otf */,
			);
			path = CeraRoundPro;
			sourceTree = "<group>";
		};
		96C5C35E2C65402C00C28FB9 /* Resources */ = {
			isa = PBXGroup;
			children = (
				96C5C3612C65493A00C28FB9 /* Assets */,
			);
			path = Resources;
			sourceTree = "<group>";
		};
		96C5C3612C65493A00C28FB9 /* Assets */ = {
			isa = PBXGroup;
			children = (
				9689DBC82C62856A00994E09 /* Assets.xcassets */,
			);
			path = Assets;
			sourceTree = "<group>";
		};
		96C5C3642C65579500C28FB9 /* Extensions */ = {
			isa = PBXGroup;
			children = (
				96C5C3672C6557CB00C28FB9 /* View.swift */,
			);
			path = Extensions;
			sourceTree = "<group>";
		};
		96C5C3702C6B9DAE00C28FB9 /* Application */ = {
			isa = PBXGroup;
			children = (
				9689DBC42C62856700994E09 /* SparTestAppApp.swift */,
			);
			path = Application;
			sourceTree = "<group>";
		};
		96C5C3712C6B9E4600C28FB9 /* Models */ = {
			isa = PBXGroup;
			children = (
				96C5C3722C6B9E6900C28FB9 /* Product.swift */,
				96C5C3772C6BA1F900C28FB9 /* Cart.swift */,
				969EF04C2C6E3B13005530CE /* Review.swift */,
			);
			path = Models;
			sourceTree = "<group>";
		};
		96C5C3742C6BA12700C28FB9 /* Services */ = {
			isa = PBXGroup;
			children = (
				96C5C3752C6BA17700C28FB9 /* ServiceProtocol.swift */,
				96C5C3792C6BA35E00C28FB9 /* CategoryProductService.swift */,
			);
			path = Services;
			sourceTree = "<group>";
		};
		96C5C37B2C6BAB0800C28FB9 /* Prototype */ = {
			isa = PBXGroup;
			children = (
				96C5C37C2C6BAB1E00C28FB9 /* ViewModel.swift */,
			);
			path = Prototype;
			sourceTree = "<group>";
		};
		96C9A4BE2C63A306007019DC /* Category */ = {
			isa = PBXGroup;
			children = (
				96C5C36E2C67B5CB00C28FB9 /* Category.swift */,
				96C5C3622C654A3B00C28FB9 /* CategoryList.swift */,
				96C9A4BF2C63A323007019DC /* CategoryListCell.swift */,
				96C5C36C2C66723400C28FB9 /* CategoryGrid.swift */,
				96C5C3692C66504500C28FB9 /* CategoryGridCell.swift */,
				96C5C37F2C6BAB4400C28FB9 /* CategoryViewModel.swift */,
			);
			path = Category;
			sourceTree = "<group>";
		};
/* End PBXGroup section */

/* Begin PBXNativeTarget section */
		9689DBC02C62856700994E09 /* SparTestApp */ = {
			isa = PBXNativeTarget;
			buildConfigurationList = 9689DBCF2C62856A00994E09 /* Build configuration list for PBXNativeTarget "SparTestApp" */;
			buildPhases = (
				9689DBBD2C62856700994E09 /* Sources */,
				9689DBBE2C62856700994E09 /* Frameworks */,
				9689DBBF2C62856700994E09 /* Resources */,
			);
			buildRules = (
			);
			dependencies = (
			);
			name = SparTestApp;
			productName = SparTestApp;
			productReference = 9689DBC12C62856700994E09 /* SparTestApp.app */;
			productType = "com.apple.product-type.application";
		};
/* End PBXNativeTarget section */

/* Begin PBXProject section */
		9689DBB92C62856700994E09 /* Project object */ = {
			isa = PBXProject;
			attributes = {
				BuildIndependentTargetsInParallel = 1;
				LastSwiftUpdateCheck = 1430;
				LastUpgradeCheck = 1430;
				TargetAttributes = {
					9689DBC02C62856700994E09 = {
						CreatedOnToolsVersion = 14.3.1;
					};
				};
			};
			buildConfigurationList = 9689DBBC2C62856700994E09 /* Build configuration list for PBXProject "SparTestApp" */;
			compatibilityVersion = "Xcode 14.0";
			developmentRegion = en;
			hasScannedForEncodings = 0;
			knownRegions = (
				en,
				Base,
			);
			mainGroup = 9689DBB82C62856700994E09;
			productRefGroup = 9689DBC22C62856700994E09 /* Products */;
			projectDirPath = "";
			projectRoot = "";
			targets = (
				9689DBC02C62856700994E09 /* SparTestApp */,
			);
		};
/* End PBXProject section */

/* Begin PBXResourcesBuildPhase section */
		9689DBBF2C62856700994E09 /* Resources */ = {
			isa = PBXResourcesBuildPhase;
			buildActionMask = 2147483647;
			files = (
				9689DBCC2C62856A00994E09 /* Preview Assets.xcassets in Resources */,
				96C5C35C2C653F8C00C28FB9 /* CeraRoundPro-Bold.otf in Resources */,
				9689DBC92C62856A00994E09 /* Assets.xcassets in Resources */,
			);
			runOnlyForDeploymentPostprocessing = 0;
		};
/* End PBXResourcesBuildPhase section */

/* Begin PBXSourcesBuildPhase section */
		9689DBBD2C62856700994E09 /* Sources */ = {
			isa = PBXSourcesBuildPhase;
			buildActionMask = 2147483647;
			files = (
				96C5C36D2C66723400C28FB9 /* CategoryGrid.swift in Sources */,
				96C5C36F2C67B5CB00C28FB9 /* Category.swift in Sources */,
				96C5C3572C64FD6F00C28FB9 /* CustomStepper.swift in Sources */,
				96C9A4C02C63A323007019DC /* CategoryListCell.swift in Sources */,
				9689DBC52C62856700994E09 /* SparTestAppApp.swift in Sources */,
				96C5C37D2C6BAB1E00C28FB9 /* ViewModel.swift in Sources */,
				96C5C3802C6BAB4400C28FB9 /* CategoryViewModel.swift in Sources */,
				96C5C36A2C66504500C28FB9 /* CategoryGridCell.swift in Sources */,
				969EF04D2C6E3B13005530CE /* Review.swift in Sources */,
				96C5C3782C6BA1F900C28FB9 /* Cart.swift in Sources */,
				96C5C3732C6B9E6900C28FB9 /* Product.swift in Sources */,
				96C5C3682C6557CB00C28FB9 /* View.swift in Sources */,
				96C5C3632C654A3B00C28FB9 /* CategoryList.swift in Sources */,
				96C5C3762C6BA17700C28FB9 /* ServiceProtocol.swift in Sources */,
				96C5C37A2C6BA35E00C28FB9 /* CategoryProductService.swift in Sources */,
			);
			runOnlyForDeploymentPostprocessing = 0;
		};
/* End PBXSourcesBuildPhase section */

/* Begin XCBuildConfiguration section */
		9689DBCD2C62856A00994E09 /* Debug */ = {
			isa = XCBuildConfiguration;
			buildSettings = {
				ALWAYS_SEARCH_USER_PATHS = NO;
				CLANG_ANALYZER_NONNULL = YES;
				CLANG_ANALYZER_NUMBER_OBJECT_CONVERSION = YES_AGGRESSIVE;
				CLANG_CXX_LANGUAGE_STANDARD = "gnu++20";
				CLANG_ENABLE_MODULES = YES;
				CLANG_ENABLE_OBJC_ARC = YES;
				CLANG_ENABLE_OBJC_WEAK = YES;
				CLANG_WARN_BLOCK_CAPTURE_AUTORELEASING = YES;
				CLANG_WARN_BOOL_CONVERSION = YES;
				CLANG_WARN_COMMA = YES;
				CLANG_WARN_CONSTANT_CONVERSION = YES;
				CLANG_WARN_DEPRECATED_OBJC_IMPLEMENTATIONS = YES;
				CLANG_WARN_DIRECT_OBJC_ISA_USAGE = YES_ERROR;
				CLANG_WARN_DOCUMENTATION_COMMENTS = YES;
				CLANG_WARN_EMPTY_BODY = YES;
				CLANG_WARN_ENUM_CONVERSION = YES;
				CLANG_WARN_INFINITE_RECURSION = YES;
				CLANG_WARN_INT_CONVERSION = YES;
				CLANG_WARN_NON_LITERAL_NULL_CONVERSION = YES;
				CLANG_WARN_OBJC_IMPLICIT_RETAIN_SELF = YES;
				CLANG_WARN_OBJC_LITERAL_CONVERSION = YES;
				CLANG_WARN_OBJC_ROOT_CLASS = YES_ERROR;
				CLANG_WARN_QUOTED_INCLUDE_IN_FRAMEWORK_HEADER = YES;
				CLANG_WARN_RANGE_LOOP_ANALYSIS = YES;
				CLANG_WARN_STRICT_PROTOTYPES = YES;
				CLANG_WARN_SUSPICIOUS_MOVE = YES;
				CLANG_WARN_UNGUARDED_AVAILABILITY = YES_AGGRESSIVE;
				CLANG_WARN_UNREACHABLE_CODE = YES;
				CLANG_WARN__DUPLICATE_METHOD_MATCH = YES;
				COPY_PHASE_STRIP = NO;
				DEBUG_INFORMATION_FORMAT = dwarf;
				ENABLE_STRICT_OBJC_MSGSEND = YES;
				ENABLE_TESTABILITY = YES;
				GCC_C_LANGUAGE_STANDARD = gnu11;
				GCC_DYNAMIC_NO_PIC = NO;
				GCC_NO_COMMON_BLOCKS = YES;
				GCC_OPTIMIZATION_LEVEL = 0;
				GCC_PREPROCESSOR_DEFINITIONS = (
					"DEBUG=1",
					"$(inherited)",
				);
				GCC_WARN_64_TO_32_BIT_CONVERSION = YES;
				GCC_WARN_ABOUT_RETURN_TYPE = YES_ERROR;
				GCC_WARN_UNDECLARED_SELECTOR = YES;
				GCC_WARN_UNINITIALIZED_AUTOS = YES_AGGRESSIVE;
				GCC_WARN_UNUSED_FUNCTION = YES;
				GCC_WARN_UNUSED_VARIABLE = YES;
				IPHONEOS_DEPLOYMENT_TARGET = 16.4;
				MTL_ENABLE_DEBUG_INFO = INCLUDE_SOURCE;
				MTL_FAST_MATH = YES;
				ONLY_ACTIVE_ARCH = YES;
				SDKROOT = iphoneos;
				SWIFT_ACTIVE_COMPILATION_CONDITIONS = DEBUG;
				SWIFT_OPTIMIZATION_LEVEL = "-Onone";
			};
			name = Debug;
		};
		9689DBCE2C62856A00994E09 /* Release */ = {
			isa = XCBuildConfiguration;
			buildSettings = {
				ALWAYS_SEARCH_USER_PATHS = NO;
				CLANG_ANALYZER_NONNULL = YES;
				CLANG_ANALYZER_NUMBER_OBJECT_CONVERSION = YES_AGGRESSIVE;
				CLANG_CXX_LANGUAGE_STANDARD = "gnu++20";
				CLANG_ENABLE_MODULES = YES;
				CLANG_ENABLE_OBJC_ARC = YES;
				CLANG_ENABLE_OBJC_WEAK = YES;
				CLANG_WARN_BLOCK_CAPTURE_AUTORELEASING = YES;
				CLANG_WARN_BOOL_CONVERSION = YES;
				CLANG_WARN_COMMA = YES;
				CLANG_WARN_CONSTANT_CONVERSION = YES;
				CLANG_WARN_DEPRECATED_OBJC_IMPLEMENTATIONS = YES;
				CLANG_WARN_DIRECT_OBJC_ISA_USAGE = YES_ERROR;
				CLANG_WARN_DOCUMENTATION_COMMENTS = YES;
				CLANG_WARN_EMPTY_BODY = YES;
				CLANG_WARN_ENUM_CONVERSION = YES;
				CLANG_WARN_INFINITE_RECURSION = YES;
				CLANG_WARN_INT_CONVERSION = YES;
				CLANG_WARN_NON_LITERAL_NULL_CONVERSION = YES;
				CLANG_WARN_OBJC_IMPLICIT_RETAIN_SELF = YES;
				CLANG_WARN_OBJC_LITERAL_CONVERSION = YES;
				CLANG_WARN_OBJC_ROOT_CLASS = YES_ERROR;
				CLANG_WARN_QUOTED_INCLUDE_IN_FRAMEWORK_HEADER = YES;
				CLANG_WARN_RANGE_LOOP_ANALYSIS = YES;
				CLANG_WARN_STRICT_PROTOTYPES = YES;
				CLANG_WARN_SUSPICIOUS_MOVE = YES;
				CLANG_WARN_UNGUARDED_AVAILABILITY = YES_AGGRESSIVE;
				CLANG_WARN_UNREACHABLE_CODE = YES;
				CLANG_WARN__DUPLICATE_METHOD_MATCH = YES;
				COPY_PHASE_STRIP = NO;
				DEBUG_INFORMATION_FORMAT = "dwarf-with-dsym";
				ENABLE_NS_ASSERTIONS = NO;
				ENABLE_STRICT_OBJC_MSGSEND = YES;
				GCC_C_LANGUAGE_STANDARD = gnu11;
				GCC_NO_COMMON_BLOCKS = YES;
				GCC_WARN_64_TO_32_BIT_CONVERSION = YES;
				GCC_WARN_ABOUT_RETURN_TYPE = YES_ERROR;
				GCC_WARN_UNDECLARED_SELECTOR = YES;
				GCC_WARN_UNINITIALIZED_AUTOS = YES_AGGRESSIVE;
				GCC_WARN_UNUSED_FUNCTION = YES;
				GCC_WARN_UNUSED_VARIABLE = YES;
				IPHONEOS_DEPLOYMENT_TARGET = 16.4;
				MTL_ENABLE_DEBUG_INFO = NO;
				MTL_FAST_MATH = YES;
				SDKROOT = iphoneos;
				SWIFT_COMPILATION_MODE = wholemodule;
				SWIFT_OPTIMIZATION_LEVEL = "-O";
				VALIDATE_PRODUCT = YES;
			};
			name = Release;
		};
		9689DBD02C62856A00994E09 /* Debug */ = {
			isa = XCBuildConfiguration;
			buildSettings = {
				ASSETCATALOG_COMPILER_APPICON_NAME = AppIcon;
				ASSETCATALOG_COMPILER_GLOBAL_ACCENT_COLOR_NAME = AccentColor;
				CODE_SIGN_STYLE = Automatic;
				CURRENT_PROJECT_VERSION = 1;
				DEVELOPMENT_ASSET_PATHS = "\"SparTestApp/Preview Content\"";
				DEVELOPMENT_TEAM = XXLQZPCHT9;
				ENABLE_PREVIEWS = YES;
				GENERATE_INFOPLIST_FILE = YES;
				INFOPLIST_FILE = SparTestApp/Info.plist;
				INFOPLIST_KEY_UIApplicationSceneManifest_Generation = YES;
				INFOPLIST_KEY_UIApplicationSupportsIndirectInputEvents = YES;
				INFOPLIST_KEY_UILaunchScreen_Generation = YES;
				INFOPLIST_KEY_UISupportedInterfaceOrientations_iPad = "UIInterfaceOrientationPortrait UIInterfaceOrientationPortraitUpsideDown UIInterfaceOrientationLandscapeLeft UIInterfaceOrientationLandscapeRight";
				INFOPLIST_KEY_UISupportedInterfaceOrientations_iPhone = "UIInterfaceOrientationPortrait UIInterfaceOrientationLandscapeLeft UIInterfaceOrientationLandscapeRight";
				LD_RUNPATH_SEARCH_PATHS = (
					"$(inherited)",
					"@executable_path/Frameworks",
				);
				MARKETING_VERSION = 1.0;
				PRODUCT_BUNDLE_IDENTIFIER = ru.goldencrowndev.SparTestApp;
				PRODUCT_NAME = "$(TARGET_NAME)";
				SWIFT_EMIT_LOC_STRINGS = YES;
				SWIFT_VERSION = 5.0;
				TARGETED_DEVICE_FAMILY = "1,2";
			};
			name = Debug;
		};
		9689DBD12C62856A00994E09 /* Release */ = {
			isa = XCBuildConfiguration;
			buildSettings = {
				ASSETCATALOG_COMPILER_APPICON_NAME = AppIcon;
				ASSETCATALOG_COMPILER_GLOBAL_ACCENT_COLOR_NAME = AccentColor;
				CODE_SIGN_STYLE = Automatic;
				CURRENT_PROJECT_VERSION = 1;
				DEVELOPMENT_ASSET_PATHS = "\"SparTestApp/Preview Content\"";
				DEVELOPMENT_TEAM = XXLQZPCHT9;
				ENABLE_PREVIEWS = YES;
				GENERATE_INFOPLIST_FILE = YES;
				INFOPLIST_FILE = SparTestApp/Info.plist;
				INFOPLIST_KEY_UIApplicationSceneManifest_Generation = YES;
				INFOPLIST_KEY_UIApplicationSupportsIndirectInputEvents = YES;
				INFOPLIST_KEY_UILaunchScreen_Generation = YES;
				INFOPLIST_KEY_UISupportedInterfaceOrientations_iPad = "UIInterfaceOrientationPortrait UIInterfaceOrientationPortraitUpsideDown UIInterfaceOrientationLandscapeLeft UIInterfaceOrientationLandscapeRight";
				INFOPLIST_KEY_UISupportedInterfaceOrientations_iPhone = "UIInterfaceOrientationPortrait UIInterfaceOrientationLandscapeLeft UIInterfaceOrientationLandscapeRight";
				LD_RUNPATH_SEARCH_PATHS = (
					"$(inherited)",
					"@executable_path/Frameworks",
				);
				MARKETING_VERSION = 1.0;
				PRODUCT_BUNDLE_IDENTIFIER = ru.goldencrowndev.SparTestApp;
				PRODUCT_NAME = "$(TARGET_NAME)";
				SWIFT_EMIT_LOC_STRINGS = YES;
				SWIFT_VERSION = 5.0;
				TARGETED_DEVICE_FAMILY = "1,2";
			};
			name = Release;
		};
/* End XCBuildConfiguration section */

/* Begin XCConfigurationList section */
		9689DBBC2C62856700994E09 /* Build configuration list for PBXProject "SparTestApp" */ = {
			isa = XCConfigurationList;
			buildConfigurations = (
				9689DBCD2C62856A00994E09 /* Debug */,
				9689DBCE2C62856A00994E09 /* Release */,
			);
			defaultConfigurationIsVisible = 0;
			defaultConfigurationName = Release;
		};
		9689DBCF2C62856A00994E09 /* Build configuration list for PBXNativeTarget "SparTestApp" */ = {
			isa = XCConfigurationList;
			buildConfigurations = (
				9689DBD02C62856A00994E09 /* Debug */,
				9689DBD12C62856A00994E09 /* Release */,
			);
			defaultConfigurationIsVisible = 0;
			defaultConfigurationName = Release;
		};
/* End XCConfigurationList section */
	};
	rootObject = 9689DBB92C62856700994E09 /* Project object */;
}
